
Microsoft Visual Studio Solution File, Format Version 12.00
# Visual Studio 2013
VisualStudioVersion = 12.0.21005.1
MinimumVisualStudioVersion = 10.0.40219.1
Project("{FAE04EC0-301F-11D3-BF4B-00C04F79EFBC}") = "TimberscanTurbo", "TimberscanTurbo.csproj", "{76A455F6-2BDB-4F13-A8E4-5A7BDCB1C37D}"
EndProject
Project("{FAE04EC0-301F-11D3-BF4B-00C04F79EFBC}") = "Commands", "Commands\Commands.csproj", "{F8BB5407-C7DB-4B51-B8A1-344B0E16E9C1}"
EndProject
Project("{FAE04EC0-301F-11D3-BF4B-00C04F79EFBC}") = "Commands.Test", "Commands.Test\Commands.Test.csproj", "{1CD2DC79-EBFE-418F-8265-0A0C43F359FB}"
EndProject
Global
	GlobalSection(SolutionConfigurationPlatforms) = preSolution
		Debug|Any CPU = Debug|Any CPU
		Release|Any CPU = Release|Any CPU
	EndGlobalSection
	GlobalSection(ProjectConfigurationPlatforms) = postSolution
		{76A455F6-2BDB-4F13-A8E4-5A7BDCB1C37D}.Debug|Any CPU.ActiveCfg = Debug|Any CPU
		{76A455F6-2BDB-4F13-A8E4-5A7BDCB1C37D}.Debug|Any CPU.Build.0 = Debug|Any CPU
		{76A455F6-2BDB-4F13-A8E4-5A7BDCB1C37D}.Release|Any CPU.ActiveCfg = Release|Any CPU
		{76A455F6-2BDB-4F13-A8E4-5A7BDCB1C37D}.Release|Any CPU.Build.0 = Release|Any CPU
		{F8BB5407-C7DB-4B51-B8A1-344B0E16E9C1}.Debug|Any CPU.ActiveCfg = Debug|Any CPU
		{F8BB5407-C7DB-4B51-B8A1-344B0E16E9C1}.Debug|Any CPU.Build.0 = Debug|Any CPU
		{F8BB5407-C7DB-4B51-B8A1-344B0E16E9C1}.Release|Any CPU.ActiveCfg = Release|Any CPU
		{F8BB5407-C7DB-4B51-B8A1-344B0E16E9C1}.Release|Any CPU.Build.0 = Release|Any CPU
		{1CD2DC79-EBFE-418F-8265-0A0C43F359FB}.Debug|Any CPU.ActiveCfg = Debug|Any CPU
		{1CD2DC79-EBFE-418F-8265-0A0C43F359FB}.Debug|Any CPU.Build.0 = Debug|Any CPU
		{1CD2DC79-EBFE-418F-8265-0A0C43F359FB}.Release|Any CPU.ActiveCfg = Release|Any CPU
		{1CD2DC79-EBFE-418F-8265-0A0C43F359FB}.Release|Any CPU.Build.0 = Release|Any CPU
	EndGlobalSection
	GlobalSection(SolutionProperties) = preSolution
		HideSolutionNode = FALSE
	EndGlobalSection
EndGlobal
